
Microsoft Visual Studio Solution File, Format Version 12.00
# Visual Studio Version 17
VisualStudioVersion = 17.11.35208.52
MinimumVisualStudioVersion = 10.0.40219.1
Project("{FAE04EC0-301F-11D3-BF4B-00C04F79EFBC}") = "масиви", "масиви\масиви.csproj", "{A50C740F-73D3-44E9-AD60-1D4EA4A2A19E}"
EndProject
Global
	GlobalSection(SolutionConfigurationPlatforms) = preSolution
		Debug|Any CPU = Debug|Any CPU
		Release|Any CPU = Release|Any CPU
	EndGlobalSection
	GlobalSection(ProjectConfigurationPlatforms) = postSolution
		{A50C740F-73D3-44E9-AD60-1D4EA4A2A19E}.Debug|Any CPU.ActiveCfg = Debug|Any CPU
		{A50C740F-73D3-44E9-AD60-1D4EA4A2A19E}.Debug|Any CPU.Build.0 = Debug|Any CPU
		{A50C740F-73D3-44E9-AD60-1D4EA4A2A19E}.Release|Any CPU.ActiveCfg = Release|Any CPU
		{A50C740F-73D3-44E9-AD60-1D4EA4A2A19E}.Release|Any CPU.Build.0 = Release|Any CPU
	EndGlobalSection
	GlobalSection(SolutionProperties) = preSolution
		HideSolutionNode = FALSE
	EndGlobalSection
	GlobalSection(ExtensibilityGlobals) = postSolution
		SolutionGuid = {6AAA2D77-1013-4D1B-9DA5-E464342EEDBC}
	EndGlobalSection
EndGlobal
